{
  "projects": [
    {
      "projectId": "seaQhLVS4bbjiGvJJrRwyL",
      "version": "15.0.3",
      "dependencies": {},
      "lang": "js",
      "fileLocks": [
        {
          "assetId": "seaQhLVS4bbjiGvJJrRwyL",
          "type": "projectCss",
          "checksum": "26794d6f8d5173a48bf20eb6ded6dfc6"
        }
      ]
    },
    {
      "projectId": "jwrTbggFxYGg2J5Z7e7kjr",
      "version": "latest",
      "dependencies": {
        "seaQhLVS4bbjiGvJJrRwyL": "15.0.3"
      },
      "lang": "js",
      "fileLocks": [
        {
          "type": "globalVariant",
          "assetId": "PL90GPsIiFl9",
          "checksum": "e329a1e43e82acc408d3d1d94db7b677"
        },
        {
          "assetId": "jwrTbggFxYGg2J5Z7e7kjr",
          "type": "projectCss",
          "checksum": "ab0d5c3dcde6cb2efabbc973bd5ccbd5"
        },
        {
          "type": "renderModule",
          "assetId": "_dnrFBHhWmF",
          "checksum": "4c5f5f2afffb9349881431acb5077254"
        },
        {
          "type": "cssRules",
          "assetId": "_dnrFBHhWmF",
          "checksum": "4c5f5f2afffb9349881431acb5077254"
        },
        {
          "type": "renderModule",
          "assetId": "DxSpBmtY3B_",
          "checksum": "8f51eedebdde5160c5e1f951304bc811"
        },
        {
          "type": "cssRules",
          "assetId": "DxSpBmtY3B_",
          "checksum": "8f51eedebdde5160c5e1f951304bc811"
        },
        {
          "type": "renderModule",
          "assetId": "FHue2TrcCQx",
          "checksum": "1ae22bc47c1576fe40d276e3c35630f4"
        },
        {
          "type": "cssRules",
          "assetId": "FHue2TrcCQx",
          "checksum": "1ae22bc47c1576fe40d276e3c35630f4"
        },
        {
          "type": "renderModule",
          "assetId": "HbqNPS3xXHM",
          "checksum": "f02e7cde106331699ad30b1ceab8eaab"
        },
        {
          "type": "cssRules",
          "assetId": "HbqNPS3xXHM",
          "checksum": "f02e7cde106331699ad30b1ceab8eaab"
        },
        {
          "type": "renderModule",
          "assetId": "zKOyIPbNoEM",
          "checksum": "929ce7624ef3735a6fc5dc8287d58e38"
        },
        {
          "type": "cssRules",
          "assetId": "zKOyIPbNoEM",
          "checksum": "929ce7624ef3735a6fc5dc8287d58e38"
        },
        {
          "type": "renderModule",
          "assetId": "u4_fAWBgkOK",
          "checksum": "ef582a58cf90abaf095557643f78ddef"
        },
        {
          "type": "cssRules",
          "assetId": "u4_fAWBgkOK",
          "checksum": "ef582a58cf90abaf095557643f78ddef"
        },
        {
          "type": "renderModule",
          "assetId": "FS2pAOgnbU-",
          "checksum": "079a909571d29f06e1967c4510256cfa"
        },
        {
          "type": "cssRules",
          "assetId": "FS2pAOgnbU-",
          "checksum": "079a909571d29f06e1967c4510256cfa"
        },
        {
          "type": "renderModule",
          "assetId": "Sntrkdw7UIpR",
          "checksum": "85ac4648329f90e955f74fb5497f482f"
        },
        {
          "type": "cssRules",
          "assetId": "Sntrkdw7UIpR",
          "checksum": "85ac4648329f90e955f74fb5497f482f"
        },
        {
          "type": "renderModule",
          "assetId": "PZbAI8_6BRmB",
          "checksum": "945d557f1dc472f242eac3724f54e027"
        },
        {
          "type": "cssRules",
          "assetId": "PZbAI8_6BRmB",
          "checksum": "945d557f1dc472f242eac3724f54e027"
        },
        {
          "type": "renderModule",
          "assetId": "iNAkhDWaZXsp",
          "checksum": "ec26f564ca7c15cdfcb0bd9f6108e1a2"
        },
        {
          "type": "cssRules",
          "assetId": "iNAkhDWaZXsp",
          "checksum": "ec26f564ca7c15cdfcb0bd9f6108e1a2"
        },
        {
          "type": "renderModule",
          "assetId": "wbMIVl9fXxkQ",
          "checksum": "e6542661cbc526c2effd8e34552ad1b5"
        },
        {
          "type": "cssRules",
          "assetId": "wbMIVl9fXxkQ",
          "checksum": "e6542661cbc526c2effd8e34552ad1b5"
        },
        {
          "type": "renderModule",
          "assetId": "2iCIjF9Y6NHD",
          "checksum": "74143767ebb8b3ab7eb251342a5c4221"
        },
        {
          "type": "cssRules",
          "assetId": "2iCIjF9Y6NHD",
          "checksum": "74143767ebb8b3ab7eb251342a5c4221"
        },
        {
          "type": "renderModule",
          "assetId": "hmiK_aRvMWDf",
          "checksum": "a8d97aeb974c0cfa2554d90e8d71ec4b"
        },
        {
          "type": "cssRules",
          "assetId": "hmiK_aRvMWDf",
          "checksum": "a8d97aeb974c0cfa2554d90e8d71ec4b"
        },
        {
          "type": "renderModule",
          "assetId": "rTIZKFr5lCN0",
          "checksum": "208ce2ead1c40cdff9aa890865f3e161"
        },
        {
          "type": "cssRules",
          "assetId": "rTIZKFr5lCN0",
          "checksum": "208ce2ead1c40cdff9aa890865f3e161"
        },
        {
          "type": "renderModule",
          "assetId": "6gH0r-9r71uO",
          "checksum": "d2cd64605f0cda8037344fcd2a5f9178"
        },
        {
          "type": "cssRules",
          "assetId": "6gH0r-9r71uO",
          "checksum": "d2cd64605f0cda8037344fcd2a5f9178"
        },
        {
          "type": "renderModule",
          "assetId": "58aE5A8cv3Bo",
          "checksum": "9d68023937dbd1b3598344a40599e734"
        },
        {
          "type": "cssRules",
          "assetId": "58aE5A8cv3Bo",
          "checksum": "9d68023937dbd1b3598344a40599e734"
        },
        {
          "type": "renderModule",
          "assetId": "Af92kW8SHWlh",
          "checksum": "cf4669cfe882793af8def0ba0d59e43f"
        },
        {
          "type": "cssRules",
          "assetId": "Af92kW8SHWlh",
          "checksum": "cf4669cfe882793af8def0ba0d59e43f"
        },
        {
          "type": "icon",
          "assetId": "78HmKZmejwDt",
          "checksum": "1c4066e37f2add09e248483ec70856fd"
        },
        {
          "type": "icon",
          "assetId": "54Gs7zR_-sHN",
          "checksum": "5e4cb9d7a32d46c6380776789a41b1a4"
        },
        {
          "type": "icon",
          "assetId": "_OvYIkcxMeTu",
          "checksum": "0de2e3dbee297c4e119eeb8e533a0c4a"
        },
        {
          "type": "icon",
          "assetId": "-fZUytBJVury",
          "checksum": "0920b8056c1552d6eb471d6502f63899"
        },
        {
          "type": "icon",
          "assetId": "cIFaNOfJhdmJ",
          "checksum": "be3014bd778a7081cc47d2a875c57b34"
        },
        {
          "type": "icon",
          "assetId": "FP78R6qX6Ih5",
          "checksum": "7e6ad8429c59b4e7aee07167ac6c9ed3"
        },
        {
          "type": "icon",
          "assetId": "q98K9NcCkoDf",
          "checksum": "af7d9bad2d8879a9d6abfed16fe731ac"
        },
        {
          "type": "icon",
          "assetId": "bodmtMndkLYd",
          "checksum": "12bef30eba84513acc6ff0a8ccdfe710"
        },
        {
          "type": "icon",
          "assetId": "1Evu_4NkILiJ",
          "checksum": "7cd4b076a3403ab94dd7ca79595dc010"
        },
        {
          "type": "icon",
          "assetId": "dV8ngnxqDhJT",
          "checksum": "6a0446cfd04a91e3104156be15df9c2e"
        },
        {
          "type": "icon",
          "assetId": "Lf6YKEQZOIA1",
          "checksum": "a2b60eb71e11693bf527fb2cd2aa71e6"
        },
        {
          "type": "icon",
          "assetId": "H8idXD_F054q",
          "checksum": "98019c94bbf166d061a5cd0a92b06373"
        },
        {
          "type": "icon",
          "assetId": "dPaeDbPA1MCu",
          "checksum": "1572a9e80f6f63de2cc6e6c3b9ff5353"
        },
        {
          "type": "icon",
          "assetId": "_Ng-gfmFTgiM",
          "checksum": "fa9ed09af494aa091d22aac50947c3ef"
        },
        {
          "type": "icon",
          "assetId": "HKD0iPdLDIA_",
          "checksum": "d61c9a70ac22affdaa5aed4f9b4ccd3b"
        },
        {
          "type": "icon",
          "assetId": "dv07vmRd0Rgw",
          "checksum": "9ba73c9f69eee7056ad4ceb1410eaa8c"
        },
        {
          "type": "icon",
          "assetId": "6_DdawbAYK3j",
          "checksum": "b4abe4e0b649be43be99e11a32ea84b0"
        },
        {
          "type": "icon",
          "assetId": "LVHnbrY3yfYk",
          "checksum": "0e3340b8b4d7b4a5d9c383d29091cc99"
        },
        {
          "type": "icon",
          "assetId": "Fa0nVqdhobSa",
          "checksum": "beb9d9d5fa3f7d83bddb44d2ba2e7789"
        },
        {
          "type": "icon",
          "assetId": "GFiDydzZLQ1B",
          "checksum": "606ca96dcff2e913def0564af7d903e2"
        },
        {
          "type": "icon",
          "assetId": "-iWoruyCE8Kl",
          "checksum": "5fd08c14a55503826082608b29b76e0a"
        },
        {
          "type": "icon",
          "assetId": "amIuNT3doXxj",
          "checksum": "98f4b30b2d6bd2a869c4501932f83fdf"
        },
        {
          "type": "image",
          "assetId": "QeJYECUEFtC0",
          "checksum": "c4691171dbdc348db996e6209ab9b7b2"
        },
        {
          "type": "image",
          "assetId": "FbXLfctxGQdb",
          "checksum": "8a23d26f9632ef8722ac0d21fc7f9c6b"
        },
        {
          "type": "image",
          "assetId": "PDTKUO9SfnV3",
          "checksum": "c4fa16e0738fd9195de42c3778559dfa"
        },
        {
          "type": "image",
          "assetId": "JjjS3ZHmErY0",
          "checksum": "49f33bcb254c126f470eacedd017d19b"
        },
        {
          "type": "image",
          "assetId": "3FkD5xmo4vwc",
          "checksum": "b4701f17a2485f97d1506987c8541c44"
        }
      ]
    }
  ],
  "cliVersion": "0.1.166"
}
