{
  "projects": [
    {
      "projectId": "seaQhLVS4bbjiGvJJrRwyL",
      "version": "15.0.3",
      "dependencies": {},
      "lang": "js",
      "fileLocks": [
        {
          "assetId": "seaQhLVS4bbjiGvJJrRwyL",
          "type": "projectCss",
          "checksum": "26794d6f8d5173a48bf20eb6ded6dfc6"
        }
      ]
    },
    {
      "projectId": "jwrTbggFxYGg2J5Z7e7kjr",
      "version": "latest",
      "dependencies": {
        "seaQhLVS4bbjiGvJJrRwyL": "15.0.3",
        "hhYAirYt8bU9TEjNgFzExf": "5.0.0"
      },
      "lang": "js",
      "fileLocks": [
        {
          "type": "globalVariant",
          "assetId": "PL90GPsIiFl9",
          "checksum": "e329a1e43e82acc408d3d1d94db7b677"
        },
        {
          "type": "renderModule",
          "assetId": "_dnrFBHhWmF",
          "checksum": "9fc734d292ba8267f99bb9ae75abcb2f"
        },
        {
          "type": "cssRules",
          "assetId": "_dnrFBHhWmF",
          "checksum": "9fc734d292ba8267f99bb9ae75abcb2f"
        },
        {
          "type": "renderModule",
          "assetId": "DxSpBmtY3B_",
          "checksum": "0a1adec8508c1bb51b98170f23399827"
        },
        {
          "type": "cssRules",
          "assetId": "DxSpBmtY3B_",
          "checksum": "0a1adec8508c1bb51b98170f23399827"
        },
        {
          "type": "renderModule",
          "assetId": "FHue2TrcCQx",
          "checksum": "1ae22bc47c1576fe40d276e3c35630f4"
        },
        {
          "type": "cssRules",
          "assetId": "FHue2TrcCQx",
          "checksum": "1ae22bc47c1576fe40d276e3c35630f4"
        },
        {
          "type": "renderModule",
          "assetId": "HbqNPS3xXHM",
          "checksum": "0b61811c96764af029d51a6b7715db9e"
        },
        {
          "type": "cssRules",
          "assetId": "HbqNPS3xXHM",
          "checksum": "0b61811c96764af029d51a6b7715db9e"
        },
        {
          "type": "renderModule",
          "assetId": "zKOyIPbNoEM",
          "checksum": "187f8d17f85742ed812ce9fd00a0d71f"
        },
        {
          "type": "cssRules",
          "assetId": "zKOyIPbNoEM",
          "checksum": "187f8d17f85742ed812ce9fd00a0d71f"
        },
        {
          "type": "renderModule",
          "assetId": "u4_fAWBgkOK",
          "checksum": "0714720254e21291626dc705d41b1a02"
        },
        {
          "type": "cssRules",
          "assetId": "u4_fAWBgkOK",
          "checksum": "0714720254e21291626dc705d41b1a02"
        },
        {
          "type": "renderModule",
          "assetId": "FS2pAOgnbU-",
          "checksum": "cd2e67bbb7492147071cb94fb2d43736"
        },
        {
          "type": "cssRules",
          "assetId": "FS2pAOgnbU-",
          "checksum": "cd2e67bbb7492147071cb94fb2d43736"
        },
        {
          "type": "renderModule",
          "assetId": "Sntrkdw7UIpR",
          "checksum": "f8ef8f5197f258be823c511005f4774c"
        },
        {
          "type": "cssRules",
          "assetId": "Sntrkdw7UIpR",
          "checksum": "f8ef8f5197f258be823c511005f4774c"
        },
        {
          "type": "renderModule",
          "assetId": "PZbAI8_6BRmB",
          "checksum": "945d557f1dc472f242eac3724f54e027"
        },
        {
          "type": "cssRules",
          "assetId": "PZbAI8_6BRmB",
          "checksum": "945d557f1dc472f242eac3724f54e027"
        },
        {
          "type": "renderModule",
          "assetId": "iNAkhDWaZXsp",
          "checksum": "423df56ec0b1effe0db7837703d94bfe"
        },
        {
          "type": "cssRules",
          "assetId": "iNAkhDWaZXsp",
          "checksum": "423df56ec0b1effe0db7837703d94bfe"
        },
        {
          "type": "renderModule",
          "assetId": "wbMIVl9fXxkQ",
          "checksum": "0aabdeb8705ec968fdea31f742aa6fa4"
        },
        {
          "type": "cssRules",
          "assetId": "wbMIVl9fXxkQ",
          "checksum": "0aabdeb8705ec968fdea31f742aa6fa4"
        },
        {
          "type": "renderModule",
          "assetId": "2iCIjF9Y6NHD",
          "checksum": "0b8e61072be229cfffde410c77ad345f"
        },
        {
          "type": "cssRules",
          "assetId": "2iCIjF9Y6NHD",
          "checksum": "0b8e61072be229cfffde410c77ad345f"
        },
        {
          "type": "renderModule",
          "assetId": "hmiK_aRvMWDf",
          "checksum": "bed798d4cc2316f36b5e555f064982c7"
        },
        {
          "type": "cssRules",
          "assetId": "hmiK_aRvMWDf",
          "checksum": "bed798d4cc2316f36b5e555f064982c7"
        },
        {
          "type": "renderModule",
          "assetId": "rTIZKFr5lCN0",
          "checksum": "37ccd627a208122f10434e5c6006699a"
        },
        {
          "type": "cssRules",
          "assetId": "rTIZKFr5lCN0",
          "checksum": "37ccd627a208122f10434e5c6006699a"
        },
        {
          "type": "renderModule",
          "assetId": "6gH0r-9r71uO",
          "checksum": "dc47f9206db20659006dd18fb339af62"
        },
        {
          "type": "cssRules",
          "assetId": "6gH0r-9r71uO",
          "checksum": "dc47f9206db20659006dd18fb339af62"
        },
        {
          "type": "renderModule",
          "assetId": "58aE5A8cv3Bo",
          "checksum": "55a30b7186bf0ac7743b50ae628f21b5"
        },
        {
          "type": "cssRules",
          "assetId": "58aE5A8cv3Bo",
          "checksum": "55a30b7186bf0ac7743b50ae628f21b5"
        },
        {
          "type": "renderModule",
          "assetId": "Af92kW8SHWlh",
          "checksum": "3e09d18d63934b9ed6f2fc3ed6df579e"
        },
        {
          "type": "cssRules",
          "assetId": "Af92kW8SHWlh",
          "checksum": "3e09d18d63934b9ed6f2fc3ed6df579e"
        },
        {
          "type": "icon",
          "assetId": "78HmKZmejwDt",
          "checksum": "1c4066e37f2add09e248483ec70856fd"
        },
        {
          "type": "icon",
          "assetId": "54Gs7zR_-sHN",
          "checksum": "5e4cb9d7a32d46c6380776789a41b1a4"
        },
        {
          "type": "icon",
          "assetId": "_OvYIkcxMeTu",
          "checksum": "0de2e3dbee297c4e119eeb8e533a0c4a"
        },
        {
          "type": "icon",
          "assetId": "-fZUytBJVury",
          "checksum": "0920b8056c1552d6eb471d6502f63899"
        },
        {
          "type": "icon",
          "assetId": "cIFaNOfJhdmJ",
          "checksum": "be3014bd778a7081cc47d2a875c57b34"
        },
        {
          "type": "icon",
          "assetId": "FP78R6qX6Ih5",
          "checksum": "7e6ad8429c59b4e7aee07167ac6c9ed3"
        },
        {
          "type": "icon",
          "assetId": "q98K9NcCkoDf",
          "checksum": "af7d9bad2d8879a9d6abfed16fe731ac"
        },
        {
          "type": "icon",
          "assetId": "bodmtMndkLYd",
          "checksum": "12bef30eba84513acc6ff0a8ccdfe710"
        },
        {
          "type": "icon",
          "assetId": "1Evu_4NkILiJ",
          "checksum": "7cd4b076a3403ab94dd7ca79595dc010"
        },
        {
          "type": "icon",
          "assetId": "dV8ngnxqDhJT",
          "checksum": "6a0446cfd04a91e3104156be15df9c2e"
        },
        {
          "type": "icon",
          "assetId": "Lf6YKEQZOIA1",
          "checksum": "a2b60eb71e11693bf527fb2cd2aa71e6"
        },
        {
          "type": "icon",
          "assetId": "H8idXD_F054q",
          "checksum": "98019c94bbf166d061a5cd0a92b06373"
        },
        {
          "type": "icon",
          "assetId": "dPaeDbPA1MCu",
          "checksum": "1572a9e80f6f63de2cc6e6c3b9ff5353"
        },
        {
          "type": "icon",
          "assetId": "_Ng-gfmFTgiM",
          "checksum": "fa9ed09af494aa091d22aac50947c3ef"
        },
        {
          "type": "icon",
          "assetId": "HKD0iPdLDIA_",
          "checksum": "d61c9a70ac22affdaa5aed4f9b4ccd3b"
        },
        {
          "type": "icon",
          "assetId": "dv07vmRd0Rgw",
          "checksum": "9ba73c9f69eee7056ad4ceb1410eaa8c"
        },
        {
          "type": "icon",
          "assetId": "6_DdawbAYK3j",
          "checksum": "b4abe4e0b649be43be99e11a32ea84b0"
        },
        {
          "type": "icon",
          "assetId": "LVHnbrY3yfYk",
          "checksum": "0e3340b8b4d7b4a5d9c383d29091cc99"
        },
        {
          "type": "icon",
          "assetId": "Fa0nVqdhobSa",
          "checksum": "beb9d9d5fa3f7d83bddb44d2ba2e7789"
        },
        {
          "type": "icon",
          "assetId": "GFiDydzZLQ1B",
          "checksum": "606ca96dcff2e913def0564af7d903e2"
        },
        {
          "type": "icon",
          "assetId": "-iWoruyCE8Kl",
          "checksum": "5fd08c14a55503826082608b29b76e0a"
        },
        {
          "type": "icon",
          "assetId": "amIuNT3doXxj",
          "checksum": "98f4b30b2d6bd2a869c4501932f83fdf"
        },
        {
          "type": "image",
          "assetId": "QeJYECUEFtC0",
          "checksum": "c4691171dbdc348db996e6209ab9b7b2"
        },
        {
          "type": "image",
          "assetId": "FbXLfctxGQdb",
          "checksum": "8a23d26f9632ef8722ac0d21fc7f9c6b"
        },
        {
          "type": "image",
          "assetId": "PDTKUO9SfnV3",
          "checksum": "c4fa16e0738fd9195de42c3778559dfa"
        },
        {
          "type": "image",
          "assetId": "JjjS3ZHmErY0",
          "checksum": "49f33bcb254c126f470eacedd017d19b"
        },
        {
          "type": "image",
          "assetId": "3FkD5xmo4vwc",
          "checksum": "b4701f17a2485f97d1506987c8541c44"
        },
        {
          "assetId": "jwrTbggFxYGg2J5Z7e7kjr",
          "type": "projectCss",
          "checksum": "1997a9f855cb448b9d31ab70276e526d"
        },
        {
          "type": "icon",
          "assetId": "kgL2Fp74kR",
          "checksum": "fb82341417b31c6ee8232e570a39a60f"
        },
        {
          "type": "icon",
          "assetId": "1f6r4l5nNC",
          "checksum": "f40dd6f6d9a4aab425ada576d863d18c"
        },
        {
          "type": "image",
          "assetId": "NLPp3EAdz",
          "checksum": "f0b894f16b6d6db55cf386d77ca936b8"
        }
      ]
    },
    {
      "projectId": "hhYAirYt8bU9TEjNgFzExf",
      "version": "5.0.0",
      "dependencies": {
        "seaQhLVS4bbjiGvJJrRwyL": "15.0.3"
      },
      "lang": "js",
      "fileLocks": [
        {
          "type": "globalVariant",
          "assetId": "01lSGjai6pPg",
          "checksum": "82d0e8dd018b1a050a5a32f09489a56a"
        },
        {
          "assetId": "hhYAirYt8bU9TEjNgFzExf",
          "type": "projectCss",
          "checksum": "040ede21acd0ab4d509a1af6cdab367c"
        },
        {
          "type": "renderModule",
          "assetId": "aZ_J2rMYPrG",
          "checksum": "a1e5c8ffc39f96ed2bd361071c7f1526"
        },
        {
          "type": "cssRules",
          "assetId": "aZ_J2rMYPrG",
          "checksum": "a1e5c8ffc39f96ed2bd361071c7f1526"
        },
        {
          "type": "renderModule",
          "assetId": "tnj0d_eW4Ts",
          "checksum": "5b4fab32ff66a37f605a790b8e1fb3fd"
        },
        {
          "type": "cssRules",
          "assetId": "tnj0d_eW4Ts",
          "checksum": "5b4fab32ff66a37f605a790b8e1fb3fd"
        },
        {
          "type": "renderModule",
          "assetId": "05tCG29nEfK",
          "checksum": "6d9200fac1096775959fd49e0ccdb24a"
        },
        {
          "type": "cssRules",
          "assetId": "05tCG29nEfK",
          "checksum": "6d9200fac1096775959fd49e0ccdb24a"
        },
        {
          "type": "renderModule",
          "assetId": "qhKuHWsMEEf",
          "checksum": "750bac7d9f481b9d955045aba81ebb91"
        },
        {
          "type": "cssRules",
          "assetId": "qhKuHWsMEEf",
          "checksum": "750bac7d9f481b9d955045aba81ebb91"
        },
        {
          "type": "renderModule",
          "assetId": "AoqJDesXt_v",
          "checksum": "c8a71fb4855f8d6a1a0e62041f159d56"
        },
        {
          "type": "cssRules",
          "assetId": "AoqJDesXt_v",
          "checksum": "c8a71fb4855f8d6a1a0e62041f159d56"
        },
        {
          "type": "renderModule",
          "assetId": "uXYHN1Smh9Q",
          "checksum": "85285d0866a764d6d6c98468f4094ccc"
        },
        {
          "type": "cssRules",
          "assetId": "uXYHN1Smh9Q",
          "checksum": "85285d0866a764d6d6c98468f4094ccc"
        },
        {
          "type": "renderModule",
          "assetId": "qfSRxjwcOo8K",
          "checksum": "1ee0896d714a39155f3af41120c1d4fd"
        },
        {
          "type": "cssRules",
          "assetId": "qfSRxjwcOo8K",
          "checksum": "1ee0896d714a39155f3af41120c1d4fd"
        },
        {
          "type": "renderModule",
          "assetId": "c2y18IUjy7BA",
          "checksum": "f42d7dd610320a55ed69e7ea9177f15c"
        },
        {
          "type": "cssRules",
          "assetId": "c2y18IUjy7BA",
          "checksum": "f42d7dd610320a55ed69e7ea9177f15c"
        },
        {
          "type": "renderModule",
          "assetId": "pqYw2YQIp2Bj",
          "checksum": "129ff5785325d0cfa16df622279a6637"
        },
        {
          "type": "cssRules",
          "assetId": "pqYw2YQIp2Bj",
          "checksum": "129ff5785325d0cfa16df622279a6637"
        },
        {
          "type": "renderModule",
          "assetId": "6_bZ4KXsPl5_",
          "checksum": "92e16c87a99a585bdbdd62356f2ae202"
        },
        {
          "type": "cssRules",
          "assetId": "6_bZ4KXsPl5_",
          "checksum": "92e16c87a99a585bdbdd62356f2ae202"
        },
        {
          "type": "renderModule",
          "assetId": "MFvjeHLPw6vA",
          "checksum": "54bac73291339a7f162f671724bbaa1d"
        },
        {
          "type": "cssRules",
          "assetId": "MFvjeHLPw6vA",
          "checksum": "54bac73291339a7f162f671724bbaa1d"
        },
        {
          "type": "renderModule",
          "assetId": "xpx1dd3WX7GW",
          "checksum": "a5c21eb90b1cb52b857fd102a61593c8"
        },
        {
          "type": "cssRules",
          "assetId": "xpx1dd3WX7GW",
          "checksum": "a5c21eb90b1cb52b857fd102a61593c8"
        },
        {
          "type": "renderModule",
          "assetId": "Tz4a3lVI6CGf",
          "checksum": "eb7c51e62f53615c2dc25ec5e660e0f9"
        },
        {
          "type": "cssRules",
          "assetId": "Tz4a3lVI6CGf",
          "checksum": "eb7c51e62f53615c2dc25ec5e660e0f9"
        },
        {
          "type": "renderModule",
          "assetId": "mt8AYmIOquuF",
          "checksum": "fadd3c3129ddc55980d401c11b034f34"
        },
        {
          "type": "cssRules",
          "assetId": "mt8AYmIOquuF",
          "checksum": "fadd3c3129ddc55980d401c11b034f34"
        },
        {
          "type": "renderModule",
          "assetId": "m8MF3DD_Un",
          "checksum": "f884f8dbd23d9764b28d34c1ae2d9125"
        },
        {
          "type": "cssRules",
          "assetId": "m8MF3DD_Un",
          "checksum": "f884f8dbd23d9764b28d34c1ae2d9125"
        },
        {
          "type": "icon",
          "assetId": "t5eU7xypoObb",
          "checksum": "653a24654379fbe316011067d5be01bf"
        },
        {
          "type": "icon",
          "assetId": "Fcdq1Ejy4XxN",
          "checksum": "4c96bb7fc320c180212b942646f193c3"
        },
        {
          "type": "icon",
          "assetId": "hdLeuFLK2xdT",
          "checksum": "83d204295593eeb460b6a4ee6c2968a0"
        },
        {
          "type": "icon",
          "assetId": "w2kNC3zTGXKb",
          "checksum": "96c452e51c5341672b602ab96e78b5e4"
        },
        {
          "type": "icon",
          "assetId": "IBdwO7K4X226",
          "checksum": "5d52cced853eaf51e4f1ac82ffdbaf6b"
        },
        {
          "type": "icon",
          "assetId": "m7PScUG8ICOk",
          "checksum": "5934e27092ea705b7d46a0d343a52308"
        },
        {
          "type": "icon",
          "assetId": "f5W8LuYqDyl2",
          "checksum": "48e5b6b0056fd7d7c1189e90a3331d4a"
        },
        {
          "type": "icon",
          "assetId": "ZvTtjxYoOaFi",
          "checksum": "2110a3a3077fd1047a759e59899b7728"
        },
        {
          "type": "icon",
          "assetId": "Ow2lAYtI17fS",
          "checksum": "16667e9eb618af80e0db1d1cc2b73420"
        },
        {
          "type": "icon",
          "assetId": "UYcqQCUG5aJu",
          "checksum": "265143f47ea0dfeb31eaf7f0cec7bcb3"
        },
        {
          "type": "icon",
          "assetId": "_SP557JjCvZu",
          "checksum": "d1613bad9fd6b50bb21c9288f9b03650"
        },
        {
          "type": "icon",
          "assetId": "8urSW3zsoVIf",
          "checksum": "af2a96cffa61d51dc03f7c90a1af140e"
        },
        {
          "type": "icon",
          "assetId": "hZBvhC7zZTr0",
          "checksum": "9a3bd48db040dbd4b2fc7413375da324"
        },
        {
          "type": "icon",
          "assetId": "sRQ2cmFxpNjv",
          "checksum": "19f9e89f9984f4b7718dca2848de9f8a"
        },
        {
          "type": "icon",
          "assetId": "aos4xEgRa28Q",
          "checksum": "b546b349a0934465f3e224a4bdb3725c"
        },
        {
          "type": "icon",
          "assetId": "TFB9T0WIMP-S",
          "checksum": "53e30b626230225328120496b82fa34c"
        },
        {
          "type": "icon",
          "assetId": "fR_M5TpK_IAp",
          "checksum": "951386ec300b51af32ac41e9df65e7a6"
        },
        {
          "type": "icon",
          "assetId": "wruYgJ8FoWVC",
          "checksum": "43dbd88aab78defcaeaaf5a226ea9197"
        },
        {
          "type": "icon",
          "assetId": "ypOUYPtByDL1",
          "checksum": "e1c8fae0915226b6aa9efb2e9196fa10"
        },
        {
          "type": "icon",
          "assetId": "fRG7o45wBFgn",
          "checksum": "4e5d61e42669dfea9722af175529d454"
        },
        {
          "type": "icon",
          "assetId": "5jC4HENzcXyn",
          "checksum": "3e4e6dce11feb007cf2742750bf740f8"
        },
        {
          "type": "icon",
          "assetId": "234Oqlix5xbb",
          "checksum": "77707f8d29956def6c70f8479fa69a41"
        },
        {
          "type": "icon",
          "assetId": "DxCDUHw3i3",
          "checksum": "2694a53e28383511d862aab80c514611"
        },
        {
          "type": "image",
          "assetId": "fAgLY6WquT-z",
          "checksum": "af0a8200c57e784c892b70fab5015ab4"
        },
        {
          "type": "image",
          "assetId": "lp2qLvqQwI4a",
          "checksum": "26d2ebe1eed75324e491ed39d614ae6a"
        },
        {
          "type": "image",
          "assetId": "SXmCoH9h7lB8",
          "checksum": "15ff4e3603251eba52261c71716a0dfb"
        },
        {
          "type": "image",
          "assetId": "8lFbuFMYYvuX",
          "checksum": "ea1ea9700525142ab637ef950ef9dd8f"
        },
        {
          "type": "image",
          "assetId": "govABzEk4CkZ",
          "checksum": "9aeeb0ec802d2f9a4be37f6ad637e3b0"
        },
        {
          "type": "image",
          "assetId": "cwF7lym__",
          "checksum": "41bd102a5678ce6e1c1cc36b6830431c"
        },
        {
          "type": "image",
          "assetId": "Ov2qEcSmL",
          "checksum": "81deed8d21b09317aabfdf67db0ea003"
        },
        {
          "type": "image",
          "assetId": "Yzobj_f3_",
          "checksum": "661fe4a4d5f1c128a73aaaead32bd2ce"
        }
      ]
    }
  ],
  "cliVersion": "0.1.166"
}
